
Microsoft Visual Studio Solution File, Format Version 12.00
# Visual Studio 2013
Project("{FAE04EC0-301F-11D3-BF4B-00C04F79EFBC}") = "UnityVS.BuildingGenerator2D.CSharp", "UnityVS.BuildingGenerator2D.CSharp.csproj", "{10110DEB-1FB6-023E-21FE-12F2D22B8332}"
EndProject
Project("{FAE04EC0-301F-11D3-BF4B-00C04F79EFBC}") = "UnityVS.BuildingGenerator2D.CSharp.Editor", "UnityVS.BuildingGenerator2D.CSharp.Editor.csproj", "{076B0ECD-D0AD-58A8-7095-204FE2480BEB}"
EndProject
Global
	GlobalSection(SolutionConfigurationPlatforms) = preSolution
		Debug|Any CPU = Debug|Any CPU
		Release|Any CPU = Release|Any CPU
	EndGlobalSection
	GlobalSection(ProjectConfigurationPlatforms) = postSolution
		{10110DEB-1FB6-023E-21FE-12F2D22B8332}.Debug|Any CPU.ActiveCfg = Debug|Any CPU
		{10110DEB-1FB6-023E-21FE-12F2D22B8332}.Debug|Any CPU.Build.0 = Debug|Any CPU
		{10110DEB-1FB6-023E-21FE-12F2D22B8332}.Release|Any CPU.ActiveCfg = Release|Any CPU
		{10110DEB-1FB6-023E-21FE-12F2D22B8332}.Release|Any CPU.Build.0 = Release|Any CPU
		{076B0ECD-D0AD-58A8-7095-204FE2480BEB}.Debug|Any CPU.ActiveCfg = Debug|Any CPU
		{076B0ECD-D0AD-58A8-7095-204FE2480BEB}.Debug|Any CPU.Build.0 = Debug|Any CPU
		{076B0ECD-D0AD-58A8-7095-204FE2480BEB}.Release|Any CPU.ActiveCfg = Release|Any CPU
		{076B0ECD-D0AD-58A8-7095-204FE2480BEB}.Release|Any CPU.Build.0 = Release|Any CPU
	EndGlobalSection
	GlobalSection(SolutionProperties) = preSolution
		HideSolutionNode = FALSE
	EndGlobalSection
EndGlobal
